{
  "name": "playwright-e2e--7hills",
  "version": "1.0.0",
  "lockfileVersion": 2,
  "requires": true,
  "packages": {
    "": {
      "name": "playwright-e2e--7hills",
      "version": "1.0.0",
      "license": "ISC",
      "dependencies": {
        "zenrows": "^1.3.2"
      },
      "devDependencies": {
        "@playwright/test": "^1.32.0",
        "@types/node": "^20.12.7"
      }
    },
    "node_modules/@babel/runtime": {
      "version": "7.24.4",
      "resolved": "https://registry.npmjs.org/@babel/runtime/-/runtime-7.24.4.tgz",
      "integrity": "sha512-dkxf7+hn8mFBwKjs9bvBlArzLVxVbS8usaPUDd5p2a9JCL9tB8OaOVN1isD4+Xyk4ns89/xeOmbQvgdK7IIVdA==",
      "dependencies": {
        "regenerator-runtime": "^0.14.0"
      },
      "engines": {
        "node": ">=6.9.0"
      }
    },
    "node_modules/@playwright/test": {
      "version": "1.43.0",
      "resolved": "https://registry.npmjs.org/@playwright/test/-/test-1.43.0.tgz",
      "integrity": "sha512-Ebw0+MCqoYflop7wVKj711ccbNlrwTBCtjY5rlbiY9kHL2bCYxq+qltK6uPsVBGGAOb033H2VO0YobcQVxoW7Q==",
      "dev": true,
      "dependencies": {
        "playwright": "1.43.0"
      },
      "bin": {
        "playwright": "cli.js"
      },
      "engines": {
        "node": ">=16"
      }
    },
    "node_modules/@types/node": {
      "version": "20.12.7",
      "resolved": "https://registry.npmjs.org/@types/node/-/node-20.12.7.tgz",
      "integrity": "sha512-wq0cICSkRLVaf3UGLMGItu/PtdY7oaXaI/RVU+xliKVOtRna3PRY57ZDfztpDL0n11vfymMUnXv8QwYCO7L1wg==",
      "dev": true,
      "dependencies": {
        "undici-types": "~5.26.4"
      }
    },
    "node_modules/axios": {
      "version": "0.21.4",
      "resolved": "https://registry.npmjs.org/axios/-/axios-0.21.4.tgz",
      "integrity": "sha512-ut5vewkiu8jjGBdqpM44XxjuCjq9LAKeHVmoVfHVzy8eHgxxq8SbAVQNovDA8mVi05kP0Ea/n/UzcSHcTJQfNg==",
      "dependencies": {
        "follow-redirects": "^1.14.0"
      }
    },
    "node_modules/axios-retry": {
      "version": "3.9.1",
      "resolved": "https://registry.npmjs.org/axios-retry/-/axios-retry-3.9.1.tgz",
      "integrity": "sha512-8PJDLJv7qTTMMwdnbMvrLYuvB47M81wRtxQmEdV5w4rgbTXTt+vtPkXwajOfOdSyv/wZICJOC+/UhXH4aQ/R+w==",
      "dependencies": {
        "@babel/runtime": "^7.15.4",
        "is-retry-allowed": "^2.2.0"
      }
    },
    "node_modules/fastq": {
      "version": "1.17.1",
      "resolved": "https://registry.npmjs.org/fastq/-/fastq-1.17.1.tgz",
      "integrity": "sha512-sRVD3lWVIXWg6By68ZN7vho9a1pQcN/WBFaAAsDDFzlJjvoGx0P8z7V1t72grFJfJhu3YPZBuu25f7Kaw2jN1w==",
      "dependencies": {
        "reusify": "^1.0.4"
      }
    },
    "node_modules/follow-redirects": {
      "version": "1.15.6",
      "resolved": "https://registry.npmjs.org/follow-redirects/-/follow-redirects-1.15.6.tgz",
      "integrity": "sha512-wWN62YITEaOpSK584EZXJafH1AGpO8RVgElfkuXbTOrPX4fIfOyEpW/CsiNd8JdYrAoOvafRTOEnvsO++qCqFA==",
      "funding": [
        {
          "type": "individual",
          "url": "https://github.com/sponsors/RubenVerborgh"
        }
      ],
      "engines": {
        "node": ">=4.0"
      },
      "peerDependenciesMeta": {
        "debug": {
          "optional": true
        }
      }
    },
    "node_modules/fsevents": {
      "version": "2.3.2",
      "resolved": "https://registry.npmjs.org/fsevents/-/fsevents-2.3.2.tgz",
      "integrity": "sha512-xiqMQR4xAeHTuB9uWm+fFRcIOgKBMiOBP+eXiyT7jsgVCq1bkVygt00oASowB7EdtpOHaaPgKt812P9ab+DDKA==",
      "dev": true,
      "hasInstallScript": true,
      "optional": true,
      "os": [
        "darwin"
      ],
      "engines": {
        "node": "^8.16.0 || ^10.6.0 || >=11.0.0"
      }
    },
    "node_modules/is-retry-allowed": {
      "version": "2.2.0",
      "resolved": "https://registry.npmjs.org/is-retry-allowed/-/is-retry-allowed-2.2.0.tgz",
      "integrity": "sha512-XVm7LOeLpTW4jV19QSH38vkswxoLud8sQ57YwJVTPWdiaI9I8keEhGFpBlslyVsgdQy4Opg8QOLb8YRgsyZiQg==",
      "engines": {
        "node": ">=10"
      },
      "funding": {
        "url": "https://github.com/sponsors/sindresorhus"
      }
    },
    "node_modules/playwright": {
      "version": "1.43.0",
      "resolved": "https://registry.npmjs.org/playwright/-/playwright-1.43.0.tgz",
      "integrity": "sha512-SiOKHbVjTSf6wHuGCbqrEyzlm6qvXcv7mENP+OZon1I07brfZLGdfWV0l/efAzVx7TF3Z45ov1gPEkku9q25YQ==",
      "dev": true,
      "dependencies": {
        "playwright-core": "1.43.0"
      },
      "bin": {
        "playwright": "cli.js"
      },
      "engines": {
        "node": ">=16"
      },
      "optionalDependencies": {
        "fsevents": "2.3.2"
      }
    },
    "node_modules/playwright-core": {
      "version": "1.43.0",
      "resolved": "https://registry.npmjs.org/playwright-core/-/playwright-core-1.43.0.tgz",
      "integrity": "sha512-iWFjyBUH97+pUFiyTqSLd8cDMMOS0r2ZYz2qEsPjH8/bX++sbIJT35MSwKnp1r/OQBAqC5XO99xFbJ9XClhf4w==",
      "dev": true,
      "bin": {
        "playwright-core": "cli.js"
      },
      "engines": {
        "node": ">=16"
      }
    },
    "node_modules/regenerator-runtime": {
      "version": "0.14.1",
      "resolved": "https://registry.npmjs.org/regenerator-runtime/-/regenerator-runtime-0.14.1.tgz",
      "integrity": "sha512-dYnhHh0nJoMfnkZs6GmmhFknAGRrLznOu5nc9ML+EJxGvrx6H7teuevqVqCuPcPK//3eDrrjQhehXVx9cnkGdw=="
    },
    "node_modules/reusify": {
      "version": "1.0.4",
      "resolved": "https://registry.npmjs.org/reusify/-/reusify-1.0.4.tgz",
      "integrity": "sha512-U9nH88a3fc/ekCF1l0/UP1IosiuIjyTh7hBvXVMHYgVcfGvt897Xguj2UOLDeI5BG2m7/uwyaLVT6fbtCwTyzw==",
      "engines": {
        "iojs": ">=1.0.0",
        "node": ">=0.10.0"
      }
    },
    "node_modules/undici-types": {
      "version": "5.26.5",
      "resolved": "https://registry.npmjs.org/undici-types/-/undici-types-5.26.5.tgz",
      "integrity": "sha512-JlCMO+ehdEIKqlFxk6IfVoAUVmgz7cU7zD/h9XZ0qzeosSHmUJVOzSQvvYSYWXkFXC+IfLKSIffhv0sVZup6pA==",
      "dev": true
    },
    "node_modules/zenrows": {
      "version": "1.3.2",
      "resolved": "https://registry.npmjs.org/zenrows/-/zenrows-1.3.2.tgz",
      "integrity": "sha512-L7CPQ6eN/E82LIydXdeV3pEJhRiEuGunGxoFetPiFEzMkbtewsSz5FmnsqK7ugJUU59zOq8f6vgLF3bvnad5tA==",
      "dependencies": {
        "axios": "^0.21.4",
        "axios-retry": "^3.2.4",
        "fastq": "^1.13.0"
      }
    }
  },
  "dependencies": {
    "@babel/runtime": {
      "version": "7.24.4",
      "resolved": "https://registry.npmjs.org/@babel/runtime/-/runtime-7.24.4.tgz",
      "integrity": "sha512-dkxf7+hn8mFBwKjs9bvBlArzLVxVbS8usaPUDd5p2a9JCL9tB8OaOVN1isD4+Xyk4ns89/xeOmbQvgdK7IIVdA==",
      "requires": {
        "regenerator-runtime": "^0.14.0"
      }
    },
    "@playwright/test": {
      "version": "1.43.0",
      "resolved": "https://registry.npmjs.org/@playwright/test/-/test-1.43.0.tgz",
      "integrity": "sha512-Ebw0+MCqoYflop7wVKj711ccbNlrwTBCtjY5rlbiY9kHL2bCYxq+qltK6uPsVBGGAOb033H2VO0YobcQVxoW7Q==",
      "dev": true,
      "requires": {
        "playwright": "1.43.0"
      }
    },
    "@types/node": {
      "version": "20.12.7",
      "resolved": "https://registry.npmjs.org/@types/node/-/node-20.12.7.tgz",
      "integrity": "sha512-wq0cICSkRLVaf3UGLMGItu/PtdY7oaXaI/RVU+xliKVOtRna3PRY57ZDfztpDL0n11vfymMUnXv8QwYCO7L1wg==",
      "dev": true,
      "requires": {
        "undici-types": "~5.26.4"
      }
    },
    "axios": {
      "version": "0.21.4",
      "resolved": "https://registry.npmjs.org/axios/-/axios-0.21.4.tgz",
      "integrity": "sha512-ut5vewkiu8jjGBdqpM44XxjuCjq9LAKeHVmoVfHVzy8eHgxxq8SbAVQNovDA8mVi05kP0Ea/n/UzcSHcTJQfNg==",
      "requires": {
        "follow-redirects": "^1.14.0"
      }
    },
    "axios-retry": {
      "version": "3.9.1",
      "resolved": "https://registry.npmjs.org/axios-retry/-/axios-retry-3.9.1.tgz",
      "integrity": "sha512-8PJDLJv7qTTMMwdnbMvrLYuvB47M81wRtxQmEdV5w4rgbTXTt+vtPkXwajOfOdSyv/wZICJOC+/UhXH4aQ/R+w==",
      "requires": {
        "@babel/runtime": "^7.15.4",
        "is-retry-allowed": "^2.2.0"
      }
    },
    "fastq": {
      "version": "1.17.1",
      "resolved": "https://registry.npmjs.org/fastq/-/fastq-1.17.1.tgz",
      "integrity": "sha512-sRVD3lWVIXWg6By68ZN7vho9a1pQcN/WBFaAAsDDFzlJjvoGx0P8z7V1t72grFJfJhu3YPZBuu25f7Kaw2jN1w==",
      "requires": {
        "reusify": "^1.0.4"
      }
    },
    "follow-redirects": {
      "version": "1.15.6",
      "resolved": "https://registry.npmjs.org/follow-redirects/-/follow-redirects-1.15.6.tgz",
      "integrity": "sha512-wWN62YITEaOpSK584EZXJafH1AGpO8RVgElfkuXbTOrPX4fIfOyEpW/CsiNd8JdYrAoOvafRTOEnvsO++qCqFA=="
    },
    "fsevents": {
      "version": "2.3.2",
      "resolved": "https://registry.npmjs.org/fsevents/-/fsevents-2.3.2.tgz",
      "integrity": "sha512-xiqMQR4xAeHTuB9uWm+fFRcIOgKBMiOBP+eXiyT7jsgVCq1bkVygt00oASowB7EdtpOHaaPgKt812P9ab+DDKA==",
      "dev": true,
      "optional": true
    },
    "is-retry-allowed": {
      "version": "2.2.0",
      "resolved": "https://registry.npmjs.org/is-retry-allowed/-/is-retry-allowed-2.2.0.tgz",
      "integrity": "sha512-XVm7LOeLpTW4jV19QSH38vkswxoLud8sQ57YwJVTPWdiaI9I8keEhGFpBlslyVsgdQy4Opg8QOLb8YRgsyZiQg=="
    },
    "playwright": {
      "version": "1.43.0",
      "resolved": "https://registry.npmjs.org/playwright/-/playwright-1.43.0.tgz",
      "integrity": "sha512-SiOKHbVjTSf6wHuGCbqrEyzlm6qvXcv7mENP+OZon1I07brfZLGdfWV0l/efAzVx7TF3Z45ov1gPEkku9q25YQ==",
      "dev": true,
      "requires": {
        "fsevents": "2.3.2",
        "playwright-core": "1.43.0"
      }
    },
    "playwright-core": {
      "version": "1.43.0",
      "resolved": "https://registry.npmjs.org/playwright-core/-/playwright-core-1.43.0.tgz",
      "integrity": "sha512-iWFjyBUH97+pUFiyTqSLd8cDMMOS0r2ZYz2qEsPjH8/bX++sbIJT35MSwKnp1r/OQBAqC5XO99xFbJ9XClhf4w==",
      "dev": true
    },
    "regenerator-runtime": {
      "version": "0.14.1",
      "resolved": "https://registry.npmjs.org/regenerator-runtime/-/regenerator-runtime-0.14.1.tgz",
      "integrity": "sha512-dYnhHh0nJoMfnkZs6GmmhFknAGRrLznOu5nc9ML+EJxGvrx6H7teuevqVqCuPcPK//3eDrrjQhehXVx9cnkGdw=="
    },
    "reusify": {
      "version": "1.0.4",
      "resolved": "https://registry.npmjs.org/reusify/-/reusify-1.0.4.tgz",
      "integrity": "sha512-U9nH88a3fc/ekCF1l0/UP1IosiuIjyTh7hBvXVMHYgVcfGvt897Xguj2UOLDeI5BG2m7/uwyaLVT6fbtCwTyzw=="
    },
    "undici-types": {
      "version": "5.26.5",
      "resolved": "https://registry.npmjs.org/undici-types/-/undici-types-5.26.5.tgz",
      "integrity": "sha512-JlCMO+ehdEIKqlFxk6IfVoAUVmgz7cU7zD/h9XZ0qzeosSHmUJVOzSQvvYSYWXkFXC+IfLKSIffhv0sVZup6pA==",
      "dev": true
    },
    "zenrows": {
      "version": "1.3.2",
      "resolved": "https://registry.npmjs.org/zenrows/-/zenrows-1.3.2.tgz",
      "integrity": "sha512-L7CPQ6eN/E82LIydXdeV3pEJhRiEuGunGxoFetPiFEzMkbtewsSz5FmnsqK7ugJUU59zOq8f6vgLF3bvnad5tA==",
      "requires": {
        "axios": "^0.21.4",
        "axios-retry": "^3.2.4",
        "fastq": "^1.13.0"
      }
    }
  }
}
